{
  "name": "paper-attention-helper",
  "version": "0.1.0",
  "lockfileVersion": 3,
  "requires": true,
  "packages": {
    "": {
      "name": "paper-attention-helper",
      "version": "0.1.0",
      "dependencies": {
        "@nyabsi/minimal-discord-rpc": "^1.0.1"
      }
    },
    "node_modules/@nyabsi/minimal-discord-rpc": {
      "version": "1.0.1",
      "resolved": "https://registry.npmjs.org/@nyabsi/minimal-discord-rpc/-/minimal-discord-rpc-1.0.1.tgz",
      "integrity": "sha512-TxiOS+R18lJA66e63Rq1LETx+HkRTROcrPFw1h+RBFoO7/BF6VdPGGzRv+V6mVhJE1xMxtPdtSQJgi8QnlgBBw=="
    }
  }
}
